
Microsoft Visual Studio Solution File, Format Version 12.00
# Visual Studio Version 17
VisualStudioVersion = 17.4.33213.308
MinimumVisualStudioVersion = 10.0.40219.1
Project("{FAE04EC0-301F-11D3-BF4B-00C04F79EFBC}") = "SudokuSolver", "SudokuSolver\SudokuSolver.csproj", "{B44B0026-95FA-49AC-9157-62E3C003C031}"
EndProject
Global
	GlobalSection(SolutionConfigurationPlatforms) = preSolution
		Debug|Any CPU = Debug|Any CPU
		Release|Any CPU = Release|Any CPU
	EndGlobalSection
	GlobalSection(ProjectConfigurationPlatforms) = postSolution
		{B44B0026-95FA-49AC-9157-62E3C003C031}.Debug|Any CPU.ActiveCfg = Debug|Any CPU
		{B44B0026-95FA-49AC-9157-62E3C003C031}.Debug|Any CPU.Build.0 = Debug|Any CPU
		{B44B0026-95FA-49AC-9157-62E3C003C031}.Release|Any CPU.ActiveCfg = Release|Any CPU
		{B44B0026-95FA-49AC-9157-62E3C003C031}.Release|Any CPU.Build.0 = Release|Any CPU
	EndGlobalSection
	GlobalSection(SolutionProperties) = preSolution
		HideSolutionNode = FALSE
	EndGlobalSection
	GlobalSection(ExtensibilityGlobals) = postSolution
		SolutionGuid = {E582FD97-0CBA-471A-A0A2-B22056D212B0}
	EndGlobalSection
EndGlobal
